
Microsoft Visual Studio Solution File, Format Version 12.00
# Visual Studio Version 16
VisualStudioVersion = 16.0.30413.136
MinimumVisualStudioVersion = 10.0.40219.1
Project("{FAE04EC0-301F-11D3-BF4B-00C04F79EFBC}") = "FirstHomework", "FirstHomework\FirstHomework.csproj", "{2A930D0D-C861-47DA-8463-52D221FFBF07}"
EndProject
Global
	GlobalSection(SolutionConfigurationPlatforms) = preSolution
		Debug|Any CPU = Debug|Any CPU
		Release|Any CPU = Release|Any CPU
	EndGlobalSection
	GlobalSection(ProjectConfigurationPlatforms) = postSolution
		{2A930D0D-C861-47DA-8463-52D221FFBF07}.Debug|Any CPU.ActiveCfg = Debug|Any CPU
		{2A930D0D-C861-47DA-8463-52D221FFBF07}.Debug|Any CPU.Build.0 = Debug|Any CPU
		{2A930D0D-C861-47DA-8463-52D221FFBF07}.Release|Any CPU.ActiveCfg = Release|Any CPU
		{2A930D0D-C861-47DA-8463-52D221FFBF07}.Release|Any CPU.Build.0 = Release|Any CPU
	EndGlobalSection
	GlobalSection(SolutionProperties) = preSolution
		HideSolutionNode = FALSE
	EndGlobalSection
	GlobalSection(ExtensibilityGlobals) = postSolution
		SolutionGuid = {C45E8007-89CC-48CA-B448-0B7DEF2CDE2C}
	EndGlobalSection
EndGlobal
